// !$*UTF8*$!
{
	archiveVersion = 1;
	classes = {
	};
	objectVersion = 50;
	objects = {

/* Begin PBXBuildFile section */
		E3C9CD8821473D290010A506 /* AppDelegate.swift in Sources */ = {isa = PBXBuildFile; fileRef = E3C9CD8721473D290010A506 /* AppDelegate.swift */; };
		E3C9CD8D21473D2A0010A506 /* Main.storyboard in Resources */ = {isa = PBXBuildFile; fileRef = E3C9CD8B21473D2A0010A506 /* Main.storyboard */; };
		E3C9CD8F21473D2A0010A506 /* Assets.xcassets in Resources */ = {isa = PBXBuildFile; fileRef = E3C9CD8E21473D2A0010A506 /* Assets.xcassets */; };
		E3C9CD9221473D2A0010A506 /* LaunchScreen.storyboard in Resources */ = {isa = PBXBuildFile; fileRef = E3C9CD9021473D2A0010A506 /* LaunchScreen.storyboard */; };
		E3C9CD9D21473D2A0010A506 /* StarWarsTests.swift in Sources */ = {isa = PBXBuildFile; fileRef = E3C9CD9C21473D2A0010A506 /* StarWarsTests.swift */; };
		E3C9CDA821473D2A0010A506 /* StarWarsUITests.swift in Sources */ = {isa = PBXBuildFile; fileRef = E3C9CDA721473D2A0010A506 /* StarWarsUITests.swift */; };
		E3C9CDB6214743450010A506 /* PeopleViewController.swift in Sources */ = {isa = PBXBuildFile; fileRef = E3C9CDB5214743450010A506 /* PeopleViewController.swift */; };
		E3C9CE0C2148B6A20010A506 /* FilmsViewController.swift in Sources */ = {isa = PBXBuildFile; fileRef = E3C9CE0B2148B6A20010A506 /* FilmsViewController.swift */; };
		E3C9CE0E2148B9670010A506 /* StarWarsModel.swift in Sources */ = {isa = PBXBuildFile; fileRef = E3C9CE0D2148B9670010A506 /* StarWarsModel.swift */; };
		E3C9CE102148C3660010A506 /* ShowViewController.swift in Sources */ = {isa = PBXBuildFile; fileRef = E3C9CE0F2148C3660010A506 /* ShowViewController.swift */; };
/* End PBXBuildFile section */

/* Begin PBXContainerItemProxy section */
		E3C9CD9921473D2A0010A506 /* PBXContainerItemProxy */ = {
			isa = PBXContainerItemProxy;
			containerPortal = E3C9CD7C21473D290010A506 /* Project object */;
			proxyType = 1;
			remoteGlobalIDString = E3C9CD8321473D290010A506;
			remoteInfo = StarWars;
		};
		E3C9CDA421473D2A0010A506 /* PBXContainerItemProxy */ = {
			isa = PBXContainerItemProxy;
			containerPortal = E3C9CD7C21473D290010A506 /* Project object */;
			proxyType = 1;
			remoteGlobalIDString = E3C9CD8321473D290010A506;
			remoteInfo = StarWars;
		};
/* End PBXContainerItemProxy section */

/* Begin PBXFileReference section */
		E3C9CD8421473D290010A506 /* StarWars.app */ = {isa = PBXFileReference; explicitFileType = wrapper.application; includeInIndex = 0; path = StarWars.app; sourceTree = BUILT_PRODUCTS_DIR; };
		E3C9CD8721473D290010A506 /* AppDelegate.swift */ = {isa = PBXFileReference; lastKnownFileType = sourcecode.swift; path = AppDelegate.swift; sourceTree = "<group>"; };
		E3C9CD8C21473D2A0010A506 /* Base */ = {isa = PBXFileReference; lastKnownFileType = file.storyboard; name = Base; path = Base.lproj/Main.storyboard; sourceTree = "<group>"; };
		E3C9CD8E21473D2A0010A506 /* Assets.xcassets */ = {isa = PBXFileReference; lastKnownFileType = folder.assetcatalog; path = Assets.xcassets; sourceTree = "<group>"; };
		E3C9CD9121473D2A0010A506 /* Base */ = {isa = PBXFileReference; lastKnownFileType = file.storyboard; name = Base; path = Base.lproj/LaunchScreen.storyboard; sourceTree = "<group>"; };
		E3C9CD9321473D2A0010A506 /* Info.plist */ = {isa = PBXFileReference; lastKnownFileType = text.plist.xml; path = Info.plist; sourceTree = "<group>"; };
		E3C9CD9821473D2A0010A506 /* StarWarsTests.xctest */ = {isa = PBXFileReference; explicitFileType = wrapper.cfbundle; includeInIndex = 0; path = StarWarsTests.xctest; sourceTree = BUILT_PRODUCTS_DIR; };
		E3C9CD9C21473D2A0010A506 /* StarWarsTests.swift */ = {isa = PBXFileReference; lastKnownFileType = sourcecode.swift; path = StarWarsTests.swift; sourceTree = "<group>"; };
		E3C9CD9E21473D2A0010A506 /* Info.plist */ = {isa = PBXFileReference; lastKnownFileType = text.plist.xml; path = Info.plist; sourceTree = "<group>"; };
		E3C9CDA321473D2A0010A506 /* StarWarsUITests.xctest */ = {isa = PBXFileReference; explicitFileType = wrapper.cfbundle; includeInIndex = 0; path = StarWarsUITests.xctest; sourceTree = BUILT_PRODUCTS_DIR; };
		E3C9CDA721473D2A0010A506 /* StarWarsUITests.swift */ = {isa = PBXFileReference; lastKnownFileType = sourcecode.swift; path = StarWarsUITests.swift; sourceTree = "<group>"; };
		E3C9CDA921473D2A0010A506 /* Info.plist */ = {isa = PBXFileReference; lastKnownFileType = text.plist.xml; path = Info.plist; sourceTree = "<group>"; };
		E3C9CDB5214743450010A506 /* PeopleViewController.swift */ = {isa = PBXFileReference; lastKnownFileType = sourcecode.swift; path = PeopleViewController.swift; sourceTree = "<group>"; };
		E3C9CE0B2148B6A20010A506 /* FilmsViewController.swift */ = {isa = PBXFileReference; lastKnownFileType = sourcecode.swift; path = FilmsViewController.swift; sourceTree = "<group>"; };
		E3C9CE0D2148B9670010A506 /* StarWarsModel.swift */ = {isa = PBXFileReference; lastKnownFileType = sourcecode.swift; path = StarWarsModel.swift; sourceTree = "<group>"; };
		E3C9CE0F2148C3660010A506 /* ShowViewController.swift */ = {isa = PBXFileReference; lastKnownFileType = sourcecode.swift; path = ShowViewController.swift; sourceTree = "<group>"; };
/* End PBXFileReference section */

/* Begin PBXFrameworksBuildPhase section */
		E3C9CD8121473D290010A506 /* Frameworks */ = {
			isa = PBXFrameworksBuildPhase;
			buildActionMask = 2147483647;
			files = (
			);
			runOnlyForDeploymentPostprocessing = 0;
		};
		E3C9CD9521473D2A0010A506 /* Frameworks */ = {
			isa = PBXFrameworksBuildPhase;
			buildActionMask = 2147483647;
			files = (
			);
			runOnlyForDeploymentPostprocessing = 0;
		};
		E3C9CDA021473D2A0010A506 /* Frameworks */ = {
			isa = PBXFrameworksBuildPhase;
			buildActionMask = 2147483647;
			files = (
			);
			runOnlyForDeploymentPostprocessing = 0;
		};
/* End PBXFrameworksBuildPhase section */

/* Begin PBXGroup section */
		E3C9CD7B21473D290010A506 = {
			isa = PBXGroup;
			children = (
				E3C9CD8621473D290010A506 /* StarWars */,
				E3C9CD9B21473D2A0010A506 /* StarWarsTests */,
				E3C9CDA621473D2A0010A506 /* StarWarsUITests */,
				E3C9CD8521473D290010A506 /* Products */,
			);
			sourceTree = "<group>";
		};
		E3C9CD8521473D290010A506 /* Products */ = {
			isa = PBXGroup;
			children = (
				E3C9CD8421473D290010A506 /* StarWars.app */,
				E3C9CD9821473D2A0010A506 /* StarWarsTests.xctest */,
				E3C9CDA321473D2A0010A506 /* StarWarsUITests.xctest */,
			);
			name = Products;
			sourceTree = "<group>";
		};
		E3C9CD8621473D290010A506 /* StarWars */ = {
			isa = PBXGroup;
			children = (
				E3C9CD8721473D290010A506 /* AppDelegate.swift */,
				E3C9CDB5214743450010A506 /* PeopleViewController.swift */,
				E3C9CD8B21473D2A0010A506 /* Main.storyboard */,
				E3C9CE0F2148C3660010A506 /* ShowViewController.swift */,
				E3C9CE0B2148B6A20010A506 /* FilmsViewController.swift */,
				E3C9CE0D2148B9670010A506 /* StarWarsModel.swift */,
				E3C9CD8E21473D2A0010A506 /* Assets.xcassets */,
				E3C9CD9021473D2A0010A506 /* LaunchScreen.storyboard */,
				E3C9CD9321473D2A0010A506 /* Info.plist */,
			);
			path = StarWars;
			sourceTree = "<group>";
		};
		E3C9CD9B21473D2A0010A506 /* StarWarsTests */ = {
			isa = PBXGroup;
			children = (
				E3C9CD9C21473D2A0010A506 /* StarWarsTests.swift */,
				E3C9CD9E21473D2A0010A506 /* Info.plist */,
			);
			path = StarWarsTests;
			sourceTree = "<group>";
		};
		E3C9CDA621473D2A0010A506 /* StarWarsUITests */ = {
			isa = PBXGroup;
			children = (
				E3C9CDA721473D2A0010A506 /* StarWarsUITests.swift */,
				E3C9CDA921473D2A0010A506 /* Info.plist */,
			);
			path = StarWarsUITests;
			sourceTree = "<group>";
		};
/* End PBXGroup section */

/* Begin PBXNativeTarget section */
		E3C9CD8321473D290010A506 /* StarWars */ = {
			isa = PBXNativeTarget;
			buildConfigurationList = E3C9CDAC21473D2A0010A506 /* Build configuration list for PBXNativeTarget "StarWars" */;
			buildPhases = (
				E3C9CD8021473D290010A506 /* Sources */,
				E3C9CD8121473D290010A506 /* Frameworks */,
				E3C9CD8221473D290010A506 /* Resources */,
			);
			buildRules = (
			);
			dependencies = (
			);
			name = StarWars;
			productName = StarWars;
			productReference = E3C9CD8421473D290010A506 /* StarWars.app */;
			productType = "com.apple.product-type.application";
		};
		E3C9CD9721473D2A0010A506 /* StarWarsTests */ = {
			isa = PBXNativeTarget;
			buildConfigurationList = E3C9CDAF21473D2A0010A506 /* Build configuration list for PBXNativeTarget "StarWarsTests" */;
			buildPhases = (
				E3C9CD9421473D2A0010A506 /* Sources */,
				E3C9CD9521473D2A0010A506 /* Frameworks */,
				E3C9CD9621473D2A0010A506 /* Resources */,
			);
			buildRules = (
			);
			dependencies = (
				E3C9CD9A21473D2A0010A506 /* PBXTargetDependency */,
			);
			name = StarWarsTests;
			productName = StarWarsTests;
			productReference = E3C9CD9821473D2A0010A506 /* StarWarsTests.xctest */;
			productType = "com.apple.product-type.bundle.unit-test";
		};
		E3C9CDA221473D2A0010A506 /* StarWarsUITests */ = {
			isa = PBXNativeTarget;
			buildConfigurationList = E3C9CDB221473D2A0010A506 /* Build configuration list for PBXNativeTarget "StarWarsUITests" */;
			buildPhases = (
				E3C9CD9F21473D2A0010A506 /* Sources */,
				E3C9CDA021473D2A0010A506 /* Frameworks */,
				E3C9CDA121473D2A0010A506 /* Resources */,
			);
			buildRules = (
			);
			dependencies = (
				E3C9CDA521473D2A0010A506 /* PBXTargetDependency */,
			);
			name = StarWarsUITests;
			productName = StarWarsUITests;
			productReference = E3C9CDA321473D2A0010A506 /* StarWarsUITests.xctest */;
			productType = "com.apple.product-type.bundle.ui-testing";
		};
/* End PBXNativeTarget section */

/* Begin PBXProject section */
		E3C9CD7C21473D290010A506 /* Project object */ = {
			isa = PBXProject;
			attributes = {
				LastSwiftUpdateCheck = 0940;
				LastUpgradeCheck = 0940;
				ORGANIZATIONNAME = "Quang Nguyen";
				TargetAttributes = {
					E3C9CD8321473D290010A506 = {
						CreatedOnToolsVersion = 9.4.1;
					};
					E3C9CD9721473D2A0010A506 = {
						CreatedOnToolsVersion = 9.4.1;
						TestTargetID = E3C9CD8321473D290010A506;
					};
					E3C9CDA221473D2A0010A506 = {
						CreatedOnToolsVersion = 9.4.1;
						TestTargetID = E3C9CD8321473D290010A506;
					};
				};
			};
			buildConfigurationList = E3C9CD7F21473D290010A506 /* Build configuration list for PBXProject "StarWars" */;
			compatibilityVersion = "Xcode 9.3";
			developmentRegion = en;
			hasScannedForEncodings = 0;
			knownRegions = (
				en,
				Base,
			);
			mainGroup = E3C9CD7B21473D290010A506;
			productRefGroup = E3C9CD8521473D290010A506 /* Products */;
			projectDirPath = "";
			projectRoot = "";
			targets = (
				E3C9CD8321473D290010A506 /* StarWars */,
				E3C9CD9721473D2A0010A506 /* StarWarsTests */,
				E3C9CDA221473D2A0010A506 /* StarWarsUITests */,
			);
		};
/* End PBXProject section */

/* Begin PBXResourcesBuildPhase section */
		E3C9CD8221473D290010A506 /* Resources */ = {
			isa = PBXResourcesBuildPhase;
			buildActionMask = 2147483647;
			files = (
				E3C9CD9221473D2A0010A506 /* LaunchScreen.storyboard in Resources */,
				E3C9CD8F21473D2A0010A506 /* Assets.xcassets in Resources */,
				E3C9CD8D21473D2A0010A506 /* Main.storyboard in Resources */,
			);
			runOnlyForDeploymentPostprocessing = 0;
		};
		E3C9CD9621473D2A0010A506 /* Resources */ = {
			isa = PBXResourcesBuildPhase;
			buildActionMask = 2147483647;
			files = (
			);
			runOnlyForDeploymentPostprocessing = 0;
		};
		E3C9CDA121473D2A0010A506 /* Resources */ = {
			isa = PBXResourcesBuildPhase;
			buildActionMask = 2147483647;
			files = (
			);
			runOnlyForDeploymentPostprocessing = 0;
		};
/* End PBXResourcesBuildPhase section */

/* Begin PBXSourcesBuildPhase section */
		E3C9CD8021473D290010A506 /* Sources */ = {
			isa = PBXSourcesBuildPhase;
			buildActionMask = 2147483647;
			files = (
				E3C9CE102148C3660010A506 /* ShowViewController.swift in Sources */,
				E3C9CE0C2148B6A20010A506 /* FilmsViewController.swift in Sources */,
				E3C9CD8821473D290010A506 /* AppDelegate.swift in Sources */,
				E3C9CE0E2148B9670010A506 /* StarWarsModel.swift in Sources */,
				E3C9CDB6214743450010A506 /* PeopleViewController.swift in Sources */,
			);
			runOnlyForDeploymentPostprocessing = 0;
		};
		E3C9CD9421473D2A0010A506 /* Sources */ = {
			isa = PBXSourcesBuildPhase;
			buildActionMask = 2147483647;
			files = (
				E3C9CD9D21473D2A0010A506 /* StarWarsTests.swift in Sources */,
			);
			runOnlyForDeploymentPostprocessing = 0;
		};
		E3C9CD9F21473D2A0010A506 /* Sources */ = {
			isa = PBXSourcesBuildPhase;
			buildActionMask = 2147483647;
			files = (
				E3C9CDA821473D2A0010A506 /* StarWarsUITests.swift in Sources */,
			);
			runOnlyForDeploymentPostprocessing = 0;
		};
/* End PBXSourcesBuildPhase section */

/* Begin PBXTargetDependency section */
		E3C9CD9A21473D2A0010A506 /* PBXTargetDependency */ = {
			isa = PBXTargetDependency;
			target = E3C9CD8321473D290010A506 /* StarWars */;
			targetProxy = E3C9CD9921473D2A0010A506 /* PBXContainerItemProxy */;
		};
		E3C9CDA521473D2A0010A506 /* PBXTargetDependency */ = {
			isa = PBXTargetDependency;
			target = E3C9CD8321473D290010A506 /* StarWars */;
			targetProxy = E3C9CDA421473D2A0010A506 /* PBXContainerItemProxy */;
		};
/* End PBXTargetDependency section */

/* Begin PBXVariantGroup section */
		E3C9CD8B21473D2A0010A506 /* Main.storyboard */ = {
			isa = PBXVariantGroup;
			children = (
				E3C9CD8C21473D2A0010A506 /* Base */,
			);
			name = Main.storyboard;
			sourceTree = "<group>";
		};
		E3C9CD9021473D2A0010A506 /* LaunchScreen.storyboard */ = {
			isa = PBXVariantGroup;
			children = (
				E3C9CD9121473D2A0010A506 /* Base */,
			);
			name = LaunchScreen.storyboard;
			sourceTree = "<group>";
		};
/* End PBXVariantGroup section */

/* Begin XCBuildConfiguration section */
		E3C9CDAA21473D2A0010A506 /* Debug */ = {
			isa = XCBuildConfiguration;
			buildSettings = {
				ALWAYS_SEARCH_USER_PATHS = NO;
				CLANG_ANALYZER_NONNULL = YES;
				CLANG_ANALYZER_NUMBER_OBJECT_CONVERSION = YES_AGGRESSIVE;
				CLANG_CXX_LANGUAGE_STANDARD = "gnu++14";
				CLANG_CXX_LIBRARY = "libc++";
				CLANG_ENABLE_MODULES = YES;
				CLANG_ENABLE_OBJC_ARC = YES;
				CLANG_ENABLE_OBJC_WEAK = YES;
				CLANG_WARN_BLOCK_CAPTURE_AUTORELEASING = YES;
				CLANG_WARN_BOOL_CONVERSION = YES;
				CLANG_WARN_COMMA = YES;
				CLANG_WARN_CONSTANT_CONVERSION = YES;
				CLANG_WARN_DEPRECATED_OBJC_IMPLEMENTATIONS = YES;
				CLANG_WARN_DIRECT_OBJC_ISA_USAGE = YES_ERROR;
				CLANG_WARN_DOCUMENTATION_COMMENTS = YES;
				CLANG_WARN_EMPTY_BODY = YES;
				CLANG_WARN_ENUM_CONVERSION = YES;
				CLANG_WARN_INFINITE_RECURSION = YES;
				CLANG_WARN_INT_CONVERSION = YES;
				CLANG_WARN_NON_LITERAL_NULL_CONVERSION = YES;
				CLANG_WARN_OBJC_IMPLICIT_RETAIN_SELF = YES;
				CLANG_WARN_OBJC_LITERAL_CONVERSION = YES;
				CLANG_WARN_OBJC_ROOT_CLASS = YES_ERROR;
				CLANG_WARN_RANGE_LOOP_ANALYSIS = YES;
				CLANG_WARN_STRICT_PROTOTYPES = YES;
				CLANG_WARN_SUSPICIOUS_MOVE = YES;
				CLANG_WARN_UNGUARDED_AVAILABILITY = YES_AGGRESSIVE;
				CLANG_WARN_UNREACHABLE_CODE = YES;
				CLANG_WARN__DUPLICATE_METHOD_MATCH = YES;
				CODE_SIGN_IDENTITY = "iPhone Developer";
				COPY_PHASE_STRIP = NO;
				DEBUG_INFORMATION_FORMAT = dwarf;
				ENABLE_STRICT_OBJC_MSGSEND = YES;
				ENABLE_TESTABILITY = YES;
				GCC_C_LANGUAGE_STANDARD = gnu11;
				GCC_DYNAMIC_NO_PIC = NO;
				GCC_NO_COMMON_BLOCKS = YES;
				GCC_OPTIMIZATION_LEVEL = 0;
				GCC_PREPROCESSOR_DEFINITIONS = (
					"DEBUG=1",
					"$(inherited)",
				);
				GCC_WARN_64_TO_32_BIT_CONVERSION = YES;
				GCC_WARN_ABOUT_RETURN_TYPE = YES_ERROR;
				GCC_WARN_UNDECLARED_SELECTOR = YES;
				GCC_WARN_UNINITIALIZED_AUTOS = YES_AGGRESSIVE;
				GCC_WARN_UNUSED_FUNCTION = YES;
				GCC_WARN_UNUSED_VARIABLE = YES;
				IPHONEOS_DEPLOYMENT_TARGET = 11.4;
				MTL_ENABLE_DEBUG_INFO = YES;
				ONLY_ACTIVE_ARCH = YES;
				SDKROOT = iphoneos;
				SWIFT_ACTIVE_COMPILATION_CONDITIONS = DEBUG;
				SWIFT_OPTIMIZATION_LEVEL = "-Onone";
			};
			name = Debug;
		};
		E3C9CDAB21473D2A0010A506 /* Release */ = {
			isa = XCBuildConfiguration;
			buildSettings = {
				ALWAYS_SEARCH_USER_PATHS = NO;
				CLANG_ANALYZER_NONNULL = YES;
				CLANG_ANALYZER_NUMBER_OBJECT_CONVERSION = YES_AGGRESSIVE;
				CLANG_CXX_LANGUAGE_STANDARD = "gnu++14";
				CLANG_CXX_LIBRARY = "libc++";
				CLANG_ENABLE_MODULES = YES;
				CLANG_ENABLE_OBJC_ARC = YES;
				CLANG_ENABLE_OBJC_WEAK = YES;
				CLANG_WARN_BLOCK_CAPTURE_AUTORELEASING = YES;
				CLANG_WARN_BOOL_CONVERSION = YES;
				CLANG_WARN_COMMA = YES;
				CLANG_WARN_CONSTANT_CONVERSION = YES;
				CLANG_WARN_DEPRECATED_OBJC_IMPLEMENTATIONS = YES;
				CLANG_WARN_DIRECT_OBJC_ISA_USAGE = YES_ERROR;
				CLANG_WARN_DOCUMENTATION_COMMENTS = YES;
				CLANG_WARN_EMPTY_BODY = YES;
				CLANG_WARN_ENUM_CONVERSION = YES;
				CLANG_WARN_INFINITE_RECURSION = YES;
				CLANG_WARN_INT_CONVERSION = YES;
				CLANG_WARN_NON_LITERAL_NULL_CONVERSION = YES;
				CLANG_WARN_OBJC_IMPLICIT_RETAIN_SELF = YES;
				CLANG_WARN_OBJC_LITERAL_CONVERSION = YES;
				CLANG_WARN_OBJC_ROOT_CLASS = YES_ERROR;
				CLANG_WARN_RANGE_LOOP_ANALYSIS = YES;
				CLANG_WARN_STRICT_PROTOTYPES = YES;
				CLANG_WARN_SUSPICIOUS_MOVE = YES;
				CLANG_WARN_UNGUARDED_AVAILABILITY = YES_AGGRESSIVE;
				CLANG_WARN_UNREACHABLE_CODE = YES;
				CLANG_WARN__DUPLICATE_METHOD_MATCH = YES;
				CODE_SIGN_IDENTITY = "iPhone Developer";
				COPY_PHASE_STRIP = NO;
				DEBUG_INFORMATION_FORMAT = "dwarf-with-dsym";
				ENABLE_NS_ASSERTIONS = NO;
				ENABLE_STRICT_OBJC_MSGSEND = YES;
				GCC_C_LANGUAGE_STANDARD = gnu11;
				GCC_NO_COMMON_BLOCKS = YES;
				GCC_WARN_64_TO_32_BIT_CONVERSION = YES;
				GCC_WARN_ABOUT_RETURN_TYPE = YES_ERROR;
				GCC_WARN_UNDECLARED_SELECTOR = YES;
				GCC_WARN_UNINITIALIZED_AUTOS = YES_AGGRESSIVE;
				GCC_WARN_UNUSED_FUNCTION = YES;
				GCC_WARN_UNUSED_VARIABLE = YES;
				IPHONEOS_DEPLOYMENT_TARGET = 11.4;
				MTL_ENABLE_DEBUG_INFO = NO;
				SDKROOT = iphoneos;
				SWIFT_COMPILATION_MODE = wholemodule;
				SWIFT_OPTIMIZATION_LEVEL = "-O";
				VALIDATE_PRODUCT = YES;
			};
			name = Release;
		};
		E3C9CDAD21473D2A0010A506 /* Debug */ = {
			isa = XCBuildConfiguration;
			buildSettings = {
				ASSETCATALOG_COMPILER_APPICON_NAME = AppIcon;
				CODE_SIGN_STYLE = Automatic;
				DEVELOPMENT_TEAM = 3HXPCZ4FZM;
				INFOPLIST_FILE = StarWars/Info.plist;
				LD_RUNPATH_SEARCH_PATHS = (
					"$(inherited)",
					"@executable_path/Frameworks",
				);
				PRODUCT_BUNDLE_IDENTIFIER = "com.qn.ToDo-list";
				PRODUCT_NAME = "$(TARGET_NAME)";
				SWIFT_VERSION = 4.0;
				TARGETED_DEVICE_FAMILY = "1,2";
			};
			name = Debug;
		};
		E3C9CDAE21473D2A0010A506 /* Release */ = {
			isa = XCBuildConfiguration;
			buildSettings = {
				ASSETCATALOG_COMPILER_APPICON_NAME = AppIcon;
				CODE_SIGN_STYLE = Automatic;
				DEVELOPMENT_TEAM = 3HXPCZ4FZM;
				INFOPLIST_FILE = StarWars/Info.plist;
				LD_RUNPATH_SEARCH_PATHS = (
					"$(inherited)",
					"@executable_path/Frameworks",
				);
				PRODUCT_BUNDLE_IDENTIFIER = "com.qn.ToDo-list";
				PRODUCT_NAME = "$(TARGET_NAME)";
				SWIFT_VERSION = 4.0;
				TARGETED_DEVICE_FAMILY = "1,2";
			};
			name = Release;
		};
		E3C9CDB021473D2A0010A506 /* Debug */ = {
			isa = XCBuildConfiguration;
			buildSettings = {
				ALWAYS_EMBED_SWIFT_STANDARD_LIBRARIES = YES;
				BUNDLE_LOADER = "$(TEST_HOST)";
				CODE_SIGN_STYLE = Automatic;
				DEVELOPMENT_TEAM = 3HXPCZ4FZM;
				INFOPLIST_FILE = StarWarsTests/Info.plist;
				LD_RUNPATH_SEARCH_PATHS = (
					"$(inherited)",
					"@executable_path/Frameworks",
					"@loader_path/Frameworks",
				);
				PRODUCT_BUNDLE_IDENTIFIER = com.qn.StarWarsTests;
				PRODUCT_NAME = "$(TARGET_NAME)";
				SWIFT_VERSION = 4.0;
				TARGETED_DEVICE_FAMILY = "1,2";
				TEST_HOST = "$(BUILT_PRODUCTS_DIR)/StarWars.app/StarWars";
			};
			name = Debug;
		};
		E3C9CDB121473D2A0010A506 /* Release */ = {
			isa = XCBuildConfiguration;
			buildSettings = {
				ALWAYS_EMBED_SWIFT_STANDARD_LIBRARIES = YES;
				BUNDLE_LOADER = "$(TEST_HOST)";
				CODE_SIGN_STYLE = Automatic;
				DEVELOPMENT_TEAM = 3HXPCZ4FZM;
				INFOPLIST_FILE = StarWarsTests/Info.plist;
				LD_RUNPATH_SEARCH_PATHS = (
					"$(inherited)",
					"@executable_path/Frameworks",
					"@loader_path/Frameworks",
				);
				PRODUCT_BUNDLE_IDENTIFIER = com.qn.StarWarsTests;
				PRODUCT_NAME = "$(TARGET_NAME)";
				SWIFT_VERSION = 4.0;
				TARGETED_DEVICE_FAMILY = "1,2";
				TEST_HOST = "$(BUILT_PRODUCTS_DIR)/StarWars.app/StarWars";
			};
			name = Release;
		};
		E3C9CDB321473D2A0010A506 /* Debug */ = {
			isa = XCBuildConfiguration;
			buildSettings = {
				ALWAYS_EMBED_SWIFT_STANDARD_LIBRARIES = YES;
				CODE_SIGN_STYLE = Automatic;
				DEVELOPMENT_TEAM = 3HXPCZ4FZM;
				INFOPLIST_FILE = StarWarsUITests/Info.plist;
				LD_RUNPATH_SEARCH_PATHS = (
					"$(inherited)",
					"@executable_path/Frameworks",
					"@loader_path/Frameworks",
				);
				PRODUCT_BUNDLE_IDENTIFIER = com.qn.StarWarsUITests;
				PRODUCT_NAME = "$(TARGET_NAME)";
				SWIFT_VERSION = 4.0;
				TARGETED_DEVICE_FAMILY = "1,2";
				TEST_TARGET_NAME = StarWars;
			};
			name = Debug;
		};
		E3C9CDB421473D2A0010A506 /* Release */ = {
			isa = XCBuildConfiguration;
			buildSettings = {
				ALWAYS_EMBED_SWIFT_STANDARD_LIBRARIES = YES;
				CODE_SIGN_STYLE = Automatic;
				DEVELOPMENT_TEAM = 3HXPCZ4FZM;
				INFOPLIST_FILE = StarWarsUITests/Info.plist;
				LD_RUNPATH_SEARCH_PATHS = (
					"$(inherited)",
					"@executable_path/Frameworks",
					"@loader_path/Frameworks",
				);
				PRODUCT_BUNDLE_IDENTIFIER = com.qn.StarWarsUITests;
				PRODUCT_NAME = "$(TARGET_NAME)";
				SWIFT_VERSION = 4.0;
				TARGETED_DEVICE_FAMILY = "1,2";
				TEST_TARGET_NAME = StarWars;
			};
			name = Release;
		};
/* End XCBuildConfiguration section */

/* Begin XCConfigurationList section */
		E3C9CD7F21473D290010A506 /* Build configuration list for PBXProject "StarWars" */ = {
			isa = XCConfigurationList;
			buildConfigurations = (
				E3C9CDAA21473D2A0010A506 /* Debug */,
				E3C9CDAB21473D2A0010A506 /* Release */,
			);
			defaultConfigurationIsVisible = 0;
			defaultConfigurationName = Release;
		};
		E3C9CDAC21473D2A0010A506 /* Build configuration list for PBXNativeTarget "StarWars" */ = {
			isa = XCConfigurationList;
			buildConfigurations = (
				E3C9CDAD21473D2A0010A506 /* Debug */,
				E3C9CDAE21473D2A0010A506 /* Release */,
			);
			defaultConfigurationIsVisible = 0;
			defaultConfigurationName = Release;
		};
		E3C9CDAF21473D2A0010A506 /* Build configuration list for PBXNativeTarget "StarWarsTests" */ = {
			isa = XCConfigurationList;
			buildConfigurations = (
				E3C9CDB021473D2A0010A506 /* Debug */,
				E3C9CDB121473D2A0010A506 /* Release */,
			);
			defaultConfigurationIsVisible = 0;
			defaultConfigurationName = Release;
		};
		E3C9CDB221473D2A0010A506 /* Build configuration list for PBXNativeTarget "StarWarsUITests" */ = {
			isa = XCConfigurationList;
			buildConfigurations = (
				E3C9CDB321473D2A0010A506 /* Debug */,
				E3C9CDB421473D2A0010A506 /* Release */,
			);
			defaultConfigurationIsVisible = 0;
			defaultConfigurationName = Release;
		};
/* End XCConfigurationList section */
	};
	rootObject = E3C9CD7C21473D290010A506 /* Project object */;
}
